// !$*UTF8*$!
{
	archiveVersion = 1;
	classes = {
	};
	objectVersion = 55;
	objects = {

/* Begin PBXBuildFile section */
		AE7BFDE127A5D7450081689B /* main.cpp in Sources */ = {isa = PBXBuildFile; fileRef = AE7BFDE027A5D7450081689B /* main.cpp */; };
		AE7BFDE927A5D8050081689B /* Formation.cpp in Sources */ = {isa = PBXBuildFile; fileRef = AE7BFDE727A5D8050081689B /* Formation.cpp */; };
		AE7BFDEC27A5D81B0081689B /* GravelQuarry.cpp in Sources */ = {isa = PBXBuildFile; fileRef = AE7BFDEA27A5D81B0081689B /* GravelQuarry.cpp */; };
		AE7BFDEF27A5D8330081689B /* Wagon.cpp in Sources */ = {isa = PBXBuildFile; fileRef = AE7BFDED27A5D8330081689B /* Wagon.cpp */; };
/* End PBXBuildFile section */

/* Begin PBXCopyFilesBuildPhase section */
		AE7BFDDB27A5D7450081689B /* CopyFiles */ = {
			isa = PBXCopyFilesBuildPhase;
			buildActionMask = 2147483647;
			dstPath = /usr/share/man/man1/;
			dstSubfolderSpec = 0;
			files = (
			);
			runOnlyForDeploymentPostprocessing = 1;
		};
/* End PBXCopyFilesBuildPhase section */

/* Begin PBXFileReference section */
		AE7BFDDD27A5D7450081689B /* GravelQuarry */ = {isa = PBXFileReference; explicitFileType = "compiled.mach-o.executable"; includeInIndex = 0; path = GravelQuarry; sourceTree = BUILT_PRODUCTS_DIR; };
		AE7BFDE027A5D7450081689B /* main.cpp */ = {isa = PBXFileReference; lastKnownFileType = sourcecode.cpp.cpp; path = main.cpp; sourceTree = "<group>"; };
		AE7BFDE727A5D8050081689B /* Formation.cpp */ = {isa = PBXFileReference; lastKnownFileType = sourcecode.cpp.cpp; path = Formation.cpp; sourceTree = "<group>"; };
		AE7BFDE827A5D8050081689B /* Formation.hpp */ = {isa = PBXFileReference; lastKnownFileType = sourcecode.cpp.h; path = Formation.hpp; sourceTree = "<group>"; };
		AE7BFDEA27A5D81B0081689B /* GravelQuarry.cpp */ = {isa = PBXFileReference; lastKnownFileType = sourcecode.cpp.cpp; path = GravelQuarry.cpp; sourceTree = "<group>"; };
		AE7BFDEB27A5D81B0081689B /* GravelQuarry.hpp */ = {isa = PBXFileReference; lastKnownFileType = sourcecode.cpp.h; path = GravelQuarry.hpp; sourceTree = "<group>"; };
		AE7BFDED27A5D8330081689B /* Wagon.cpp */ = {isa = PBXFileReference; lastKnownFileType = sourcecode.cpp.cpp; path = Wagon.cpp; sourceTree = "<group>"; };
		AE7BFDEE27A5D8330081689B /* Wagon.hpp */ = {isa = PBXFileReference; lastKnownFileType = sourcecode.cpp.h; path = Wagon.hpp; sourceTree = "<group>"; };
/* End PBXFileReference section */

/* Begin PBXFrameworksBuildPhase section */
		AE7BFDDA27A5D7450081689B /* Frameworks */ = {
			isa = PBXFrameworksBuildPhase;
			buildActionMask = 2147483647;
			files = (
			);
			runOnlyForDeploymentPostprocessing = 0;
		};
/* End PBXFrameworksBuildPhase section */

/* Begin PBXGroup section */
		AE7BFDD427A5D7450081689B = {
			isa = PBXGroup;
			children = (
				AE7BFDDF27A5D7450081689B /* GravelQuarry */,
				AE7BFDDE27A5D7450081689B /* Products */,
			);
			sourceTree = "<group>";
		};
		AE7BFDDE27A5D7450081689B /* Products */ = {
			isa = PBXGroup;
			children = (
				AE7BFDDD27A5D7450081689B /* GravelQuarry */,
			);
			name = Products;
			sourceTree = "<group>";
		};
		AE7BFDDF27A5D7450081689B /* GravelQuarry */ = {
			isa = PBXGroup;
			children = (
				AE7BFDE027A5D7450081689B /* main.cpp */,
				AE7BFDE727A5D8050081689B /* Formation.cpp */,
				AE7BFDE827A5D8050081689B /* Formation.hpp */,
				AE7BFDEA27A5D81B0081689B /* GravelQuarry.cpp */,
				AE7BFDEB27A5D81B0081689B /* GravelQuarry.hpp */,
				AE7BFDED27A5D8330081689B /* Wagon.cpp */,
				AE7BFDEE27A5D8330081689B /* Wagon.hpp */,
			);
			path = GravelQuarry;
			sourceTree = "<group>";
		};
/* End PBXGroup section */

/* Begin PBXNativeTarget section */
		AE7BFDDC27A5D7450081689B /* GravelQuarry */ = {
			isa = PBXNativeTarget;
			buildConfigurationList = AE7BFDE427A5D7450081689B /* Build configuration list for PBXNativeTarget "GravelQuarry" */;
			buildPhases = (
				AE7BFDD927A5D7450081689B /* Sources */,
				AE7BFDDA27A5D7450081689B /* Frameworks */,
				AE7BFDDB27A5D7450081689B /* CopyFiles */,
			);
			buildRules = (
			);
			dependencies = (
			);
			name = GravelQuarry;
			productName = GravelQuarry;
			productReference = AE7BFDDD27A5D7450081689B /* GravelQuarry */;
			productType = "com.apple.product-type.tool";
		};
/* End PBXNativeTarget section */

/* Begin PBXProject section */
		AE7BFDD527A5D7450081689B /* Project object */ = {
			isa = PBXProject;
			attributes = {
				BuildIndependentTargetsInParallel = 1;
				LastUpgradeCheck = 1320;
				TargetAttributes = {
					AE7BFDDC27A5D7450081689B = {
						CreatedOnToolsVersion = 13.2.1;
					};
				};
			};
			buildConfigurationList = AE7BFDD827A5D7450081689B /* Build configuration list for PBXProject "GravelQuarry" */;
			compatibilityVersion = "Xcode 13.0";
			developmentRegion = en;
			hasScannedForEncodings = 0;
			knownRegions = (
				en,
				Base,
			);
			mainGroup = AE7BFDD427A5D7450081689B;
			productRefGroup = AE7BFDDE27A5D7450081689B /* Products */;
			projectDirPath = "";
			projectRoot = "";
			targets = (
				AE7BFDDC27A5D7450081689B /* GravelQuarry */,
			);
		};
/* End PBXProject section */

/* Begin PBXSourcesBuildPhase section */
		AE7BFDD927A5D7450081689B /* Sources */ = {
			isa = PBXSourcesBuildPhase;
			buildActionMask = 2147483647;
			files = (
				AE7BFDE127A5D7450081689B /* main.cpp in Sources */,
				AE7BFDEC27A5D81B0081689B /* GravelQuarry.cpp in Sources */,
				AE7BFDEF27A5D8330081689B /* Wagon.cpp in Sources */,
				AE7BFDE927A5D8050081689B /* Formation.cpp in Sources */,
			);
			runOnlyForDeploymentPostprocessing = 0;
		};
/* End PBXSourcesBuildPhase section */

/* Begin XCBuildConfiguration section */
		AE7BFDE227A5D7450081689B /* Debug */ = {
			isa = XCBuildConfiguration;
			buildSettings = {
				ALWAYS_SEARCH_USER_PATHS = NO;
				CLANG_ANALYZER_NONNULL = YES;
				CLANG_ANALYZER_NUMBER_OBJECT_CONVERSION = YES_AGGRESSIVE;
				CLANG_CXX_LANGUAGE_STANDARD = "gnu++17";
				CLANG_CXX_LIBRARY = "libc++";
				CLANG_ENABLE_MODULES = YES;
				CLANG_ENABLE_OBJC_ARC = YES;
				CLANG_ENABLE_OBJC_WEAK = YES;
				CLANG_WARN_BLOCK_CAPTURE_AUTORELEASING = YES;
				CLANG_WARN_BOOL_CONVERSION = YES;
				CLANG_WARN_COMMA = YES;
				CLANG_WARN_CONSTANT_CONVERSION = YES;
				CLANG_WARN_DEPRECATED_OBJC_IMPLEMENTATIONS = YES;
				CLANG_WARN_DIRECT_OBJC_ISA_USAGE = YES_ERROR;
				CLANG_WARN_DOCUMENTATION_COMMENTS = YES;
				CLANG_WARN_EMPTY_BODY = YES;
				CLANG_WARN_ENUM_CONVERSION = YES;
				CLANG_WARN_INFINITE_RECURSION = YES;
				CLANG_WARN_INT_CONVERSION = YES;
				CLANG_WARN_NON_LITERAL_NULL_CONVERSION = YES;
				CLANG_WARN_OBJC_IMPLICIT_RETAIN_SELF = YES;
				CLANG_WARN_OBJC_LITERAL_CONVERSION = YES;
				CLANG_WARN_OBJC_ROOT_CLASS = YES_ERROR;
				CLANG_WARN_QUOTED_INCLUDE_IN_FRAMEWORK_HEADER = YES;
				CLANG_WARN_RANGE_LOOP_ANALYSIS = YES;
				CLANG_WARN_STRICT_PROTOTYPES = YES;
				CLANG_WARN_SUSPICIOUS_MOVE = YES;
				CLANG_WARN_UNGUARDED_AVAILABILITY = YES_AGGRESSIVE;
				CLANG_WARN_UNREACHABLE_CODE = YES;
				CLANG_WARN__DUPLICATE_METHOD_MATCH = YES;
				COPY_PHASE_STRIP = NO;
				DEBUG_INFORMATION_FORMAT = dwarf;
				ENABLE_STRICT_OBJC_MSGSEND = YES;
				ENABLE_TESTABILITY = YES;
				GCC_C_LANGUAGE_STANDARD = gnu11;
				GCC_DYNAMIC_NO_PIC = NO;
				GCC_NO_COMMON_BLOCKS = YES;
				GCC_OPTIMIZATION_LEVEL = 0;
				GCC_PREPROCESSOR_DEFINITIONS = (
					"DEBUG=1",
					"$(inherited)",
				);
				GCC_WARN_64_TO_32_BIT_CONVERSION = YES;
				GCC_WARN_ABOUT_RETURN_TYPE = YES_ERROR;
				GCC_WARN_UNDECLARED_SELECTOR = YES;
				GCC_WARN_UNINITIALIZED_AUTOS = YES_AGGRESSIVE;
				GCC_WARN_UNUSED_FUNCTION = YES;
				GCC_WARN_UNUSED_VARIABLE = YES;
				MACOSX_DEPLOYMENT_TARGET = 12.0;
				MTL_ENABLE_DEBUG_INFO = INCLUDE_SOURCE;
				MTL_FAST_MATH = YES;
				ONLY_ACTIVE_ARCH = YES;
				SDKROOT = macosx;
			};
			name = Debug;
		};
		AE7BFDE327A5D7450081689B /* Release */ = {
			isa = XCBuildConfiguration;
			buildSettings = {
				ALWAYS_SEARCH_USER_PATHS = NO;
				CLANG_ANALYZER_NONNULL = YES;
				CLANG_ANALYZER_NUMBER_OBJECT_CONVERSION = YES_AGGRESSIVE;
				CLANG_CXX_LANGUAGE_STANDARD = "gnu++17";
				CLANG_CXX_LIBRARY = "libc++";
				CLANG_ENABLE_MODULES = YES;
				CLANG_ENABLE_OBJC_ARC = YES;
				CLANG_ENABLE_OBJC_WEAK = YES;
				CLANG_WARN_BLOCK_CAPTURE_AUTORELEASING = YES;
				CLANG_WARN_BOOL_CONVERSION = YES;
				CLANG_WARN_COMMA = YES;
				CLANG_WARN_CONSTANT_CONVERSION = YES;
				CLANG_WARN_DEPRECATED_OBJC_IMPLEMENTATIONS = YES;
				CLANG_WARN_DIRECT_OBJC_ISA_USAGE = YES_ERROR;
				CLANG_WARN_DOCUMENTATION_COMMENTS = YES;
				CLANG_WARN_EMPTY_BODY = YES;
				CLANG_WARN_ENUM_CONVERSION = YES;
				CLANG_WARN_INFINITE_RECURSION = YES;
				CLANG_WARN_INT_CONVERSION = YES;
				CLANG_WARN_NON_LITERAL_NULL_CONVERSION = YES;
				CLANG_WARN_OBJC_IMPLICIT_RETAIN_SELF = YES;
				CLANG_WARN_OBJC_LITERAL_CONVERSION = YES;
				CLANG_WARN_OBJC_ROOT_CLASS = YES_ERROR;
				CLANG_WARN_QUOTED_INCLUDE_IN_FRAMEWORK_HEADER = YES;
				CLANG_WARN_RANGE_LOOP_ANALYSIS = YES;
				CLANG_WARN_STRICT_PROTOTYPES = YES;
				CLANG_WARN_SUSPICIOUS_MOVE = YES;
				CLANG_WARN_UNGUARDED_AVAILABILITY = YES_AGGRESSIVE;
				CLANG_WARN_UNREACHABLE_CODE = YES;
				CLANG_WARN__DUPLICATE_METHOD_MATCH = YES;
				COPY_PHASE_STRIP = NO;
				DEBUG_INFORMATION_FORMAT = "dwarf-with-dsym";
				ENABLE_NS_ASSERTIONS = NO;
				ENABLE_STRICT_OBJC_MSGSEND = YES;
				GCC_C_LANGUAGE_STANDARD = gnu11;
				GCC_NO_COMMON_BLOCKS = YES;
				GCC_WARN_64_TO_32_BIT_CONVERSION = YES;
				GCC_WARN_ABOUT_RETURN_TYPE = YES_ERROR;
				GCC_WARN_UNDECLARED_SELECTOR = YES;
				GCC_WARN_UNINITIALIZED_AUTOS = YES_AGGRESSIVE;
				GCC_WARN_UNUSED_FUNCTION = YES;
				GCC_WARN_UNUSED_VARIABLE = YES;
				MACOSX_DEPLOYMENT_TARGET = 12.0;
				MTL_ENABLE_DEBUG_INFO = NO;
				MTL_FAST_MATH = YES;
				SDKROOT = macosx;
			};
			name = Release;
		};
		AE7BFDE527A5D7450081689B /* Debug */ = {
			isa = XCBuildConfiguration;
			buildSettings = {
				CODE_SIGN_STYLE = Automatic;
				DEVELOPMENT_TEAM = N289NZNNH5;
				ENABLE_HARDENED_RUNTIME = YES;
				PRODUCT_NAME = "$(TARGET_NAME)";
			};
			name = Debug;
		};
		AE7BFDE627A5D7450081689B /* Release */ = {
			isa = XCBuildConfiguration;
			buildSettings = {
				CODE_SIGN_STYLE = Automatic;
				DEVELOPMENT_TEAM = N289NZNNH5;
				ENABLE_HARDENED_RUNTIME = YES;
				PRODUCT_NAME = "$(TARGET_NAME)";
			};
			name = Release;
		};
/* End XCBuildConfiguration section */

/* Begin XCConfigurationList section */
		AE7BFDD827A5D7450081689B /* Build configuration list for PBXProject "GravelQuarry" */ = {
			isa = XCConfigurationList;
			buildConfigurations = (
				AE7BFDE227A5D7450081689B /* Debug */,
				AE7BFDE327A5D7450081689B /* Release */,
			);
			defaultConfigurationIsVisible = 0;
			defaultConfigurationName = Release;
		};
		AE7BFDE427A5D7450081689B /* Build configuration list for PBXNativeTarget "GravelQuarry" */ = {
			isa = XCConfigurationList;
			buildConfigurations = (
				AE7BFDE527A5D7450081689B /* Debug */,
				AE7BFDE627A5D7450081689B /* Release */,
			);
			defaultConfigurationIsVisible = 0;
			defaultConfigurationName = Release;
		};
/* End XCConfigurationList section */
	};
	rootObject = AE7BFDD527A5D7450081689B /* Project object */;
}
